
Microsoft Visual Studio Solution File, Format Version 12.00
# Visual Studio Version 17
VisualStudioVersion = 17.9.34607.119
MinimumVisualStudioVersion = 10.0.40219.1
Project("{FAE04EC0-301F-11D3-BF4B-00C04F79EFBC}") = "1 работа в с#", "1 работа в с#.csproj", "{8A2A4368-DC9D-451C-A5FB-E25D671D4609}"
EndProject
Global
	GlobalSection(SolutionConfigurationPlatforms) = preSolution
		Debug|Any CPU = Debug|Any CPU
		Release|Any CPU = Release|Any CPU
	EndGlobalSection
	GlobalSection(ProjectConfigurationPlatforms) = postSolution
		{8A2A4368-DC9D-451C-A5FB-E25D671D4609}.Debug|Any CPU.ActiveCfg = Debug|Any CPU
		{8A2A4368-DC9D-451C-A5FB-E25D671D4609}.Debug|Any CPU.Build.0 = Debug|Any CPU
		{8A2A4368-DC9D-451C-A5FB-E25D671D4609}.Release|Any CPU.ActiveCfg = Release|Any CPU
		{8A2A4368-DC9D-451C-A5FB-E25D671D4609}.Release|Any CPU.Build.0 = Release|Any CPU
	EndGlobalSection
	GlobalSection(SolutionProperties) = preSolution
		HideSolutionNode = FALSE
	EndGlobalSection
	GlobalSection(ExtensibilityGlobals) = postSolution
		SolutionGuid = {3E05DD3A-3569-47AB-95FB-B52D21FD9A87}
	EndGlobalSection
EndGlobal
